
Microsoft Visual Studio Solution File, Format Version 12.00
# Visual Studio Version 17
VisualStudioVersion = 17.5.002.0
MinimumVisualStudioVersion = 10.0.40219.1
Project("{9A19103F-16F7-4668-BE54-9A1E7A4F7556}") = "asciilibur", "asciilibur.csproj", "{4935EB64-1BCF-4063-B654-A208A4A6E376}"
EndProject
Global
	GlobalSection(SolutionConfigurationPlatforms) = preSolution
		Debug|Any CPU = Debug|Any CPU
		Release|Any CPU = Release|Any CPU
	EndGlobalSection
	GlobalSection(ProjectConfigurationPlatforms) = postSolution
		{4935EB64-1BCF-4063-B654-A208A4A6E376}.Debug|Any CPU.ActiveCfg = Debug|Any CPU
		{4935EB64-1BCF-4063-B654-A208A4A6E376}.Debug|Any CPU.Build.0 = Debug|Any CPU
		{4935EB64-1BCF-4063-B654-A208A4A6E376}.Release|Any CPU.ActiveCfg = Release|Any CPU
		{4935EB64-1BCF-4063-B654-A208A4A6E376}.Release|Any CPU.Build.0 = Release|Any CPU
	EndGlobalSection
	GlobalSection(SolutionProperties) = preSolution
		HideSolutionNode = FALSE
	EndGlobalSection
	GlobalSection(ExtensibilityGlobals) = postSolution
		SolutionGuid = {770582B1-5647-4333-8AC5-B14A59D5A09B}
	EndGlobalSection
EndGlobal
